{
  "name": "fizika-frontend",
  "version": "1.0.0",
  "lockfileVersion": 3,
  "requires": true,
  "packages": {
    "": {
      "name": "fizika-frontend",
      "version": "1.0.0",
      "hasInstallScript": true,
      "dependencies": {
        "@plausible-analytics/tracker": "^0.4.5"
      }
    },
    "node_modules/@plausible-analytics/tracker": {
      "version": "0.4.6",
      "resolved": "https://registry.npmjs.org/@plausible-analytics/tracker/-/tracker-0.4.6.tgz",
      "integrity": "sha512-nbu6xGgSP6jeYuoVklZBzucUnIpo75tVu3Kr+R0EDycVKaMC/jF5Q/YCaM/8gR4fPZ1IDcXt6FdBJFZ1uZwEPA==",
      "license": "MIT"
    }
  }
}
